
Microsoft Visual Studio Solution File, Format Version 12.00
# Visual Studio Version 17
VisualStudioVersion = 17.14.36127.28 d17.14
MinimumVisualStudioVersion = 10.0.40219.1
Project("{FAE04EC0-301F-11D3-BF4B-00C04F79EFBC}") = "miniotest", "miniotest.csproj", "{57F6AE0A-E212-4BE4-3301-9F31D6C42E1D}"
EndProject
Global
	GlobalSection(SolutionConfigurationPlatforms) = preSolution
		Debug|Any CPU = Debug|Any CPU
		Release|Any CPU = Release|Any CPU
	EndGlobalSection
	GlobalSection(ProjectConfigurationPlatforms) = postSolution
		{57F6AE0A-E212-4BE4-3301-9F31D6C42E1D}.Debug|Any CPU.ActiveCfg = Debug|Any CPU
		{57F6AE0A-E212-4BE4-3301-9F31D6C42E1D}.Debug|Any CPU.Build.0 = Debug|Any CPU
		{57F6AE0A-E212-4BE4-3301-9F31D6C42E1D}.Release|Any CPU.ActiveCfg = Release|Any CPU
		{57F6AE0A-E212-4BE4-3301-9F31D6C42E1D}.Release|Any CPU.Build.0 = Release|Any CPU
	EndGlobalSection
	GlobalSection(SolutionProperties) = preSolution
		HideSolutionNode = FALSE
	EndGlobalSection
	GlobalSection(ExtensibilityGlobals) = postSolution
		SolutionGuid = {7F19C68F-B7FB-40E8-B28B-2B2BC1C54914}
	EndGlobalSection
EndGlobal
